
Microsoft Visual Studio Solution File, Format Version 12.00
# Visual Studio Version 16
VisualStudioVersion = 16.0.33027.164
MinimumVisualStudioVersion = 10.0.40219.1
Project("{FAE04EC0-301F-11D3-BF4B-00C04F79EFBC}") = "HomeWork2", "HomeWork2\HomeWork2.csproj", "{42EDE8AB-8AFE-486C-A637-15022841BD97}"
EndProject
Global
	GlobalSection(SolutionConfigurationPlatforms) = preSolution
		Debug|Any CPU = Debug|Any CPU
		Release|Any CPU = Release|Any CPU
	EndGlobalSection
	GlobalSection(ProjectConfigurationPlatforms) = postSolution
		{42EDE8AB-8AFE-486C-A637-15022841BD97}.Debug|Any CPU.ActiveCfg = Debug|Any CPU
		{42EDE8AB-8AFE-486C-A637-15022841BD97}.Debug|Any CPU.Build.0 = Debug|Any CPU
		{42EDE8AB-8AFE-486C-A637-15022841BD97}.Release|Any CPU.ActiveCfg = Release|Any CPU
		{42EDE8AB-8AFE-486C-A637-15022841BD97}.Release|Any CPU.Build.0 = Release|Any CPU
	EndGlobalSection
	GlobalSection(SolutionProperties) = preSolution
		HideSolutionNode = FALSE
	EndGlobalSection
	GlobalSection(ExtensibilityGlobals) = postSolution
		SolutionGuid = {65BCBE59-36B0-44DF-BF0A-3AF2BD09BE8A}
	EndGlobalSection
EndGlobal
